
Microsoft Visual Studio Solution File, Format Version 12.00
# Visual Studio Version 17
VisualStudioVersion = 17.9.34728.123
MinimumVisualStudioVersion = 10.0.40219.1
Project("{9A19103F-16F7-4668-BE54-9A1E7A4F7556}") = "simple Questions and Answers (QaA)", "simple Questions and Answers (QaA).csproj", "{48A1FFF7-816E-4CB2-BD1F-3ACC6078BC42}"
EndProject
Project("{9A19103F-16F7-4668-BE54-9A1E7A4F7556}") = "simple_Questions_and_Answers_(QaA)", "..\simple_Questions_and_Answers_(QaA)\simple_Questions_and_Answers_(QaA).csproj", "{0EDD55C2-FE2B-463B-9B15-16BDB27697F5}"
EndProject
Project("{54A90642-561A-4BB1-A94E-469ADEE60C69}") = "simple_questions_and_answer_qaa.client", "..\Simple_Questions_And_Answer_QaA\simple_questions_and_answer_qaa.client\simple_questions_and_answer_qaa.client.esproj", "{B7BCB5A4-9702-4C68-ADC0-3D97F54FEF54}"
	ProjectSection(ProjectDependencies) = postProject
		{48A1FFF7-816E-4CB2-BD1F-3ACC6078BC42} = {48A1FFF7-816E-4CB2-BD1F-3ACC6078BC42}
	EndProjectSection
EndProject
Global
	GlobalSection(SolutionConfigurationPlatforms) = preSolution
		Debug|Any CPU = Debug|Any CPU
		Release|Any CPU = Release|Any CPU
	EndGlobalSection
	GlobalSection(ProjectConfigurationPlatforms) = postSolution
		{48A1FFF7-816E-4CB2-BD1F-3ACC6078BC42}.Debug|Any CPU.ActiveCfg = Debug|Any CPU
		{48A1FFF7-816E-4CB2-BD1F-3ACC6078BC42}.Debug|Any CPU.Build.0 = Debug|Any CPU
		{48A1FFF7-816E-4CB2-BD1F-3ACC6078BC42}.Release|Any CPU.ActiveCfg = Release|Any CPU
		{48A1FFF7-816E-4CB2-BD1F-3ACC6078BC42}.Release|Any CPU.Build.0 = Release|Any CPU
		{0EDD55C2-FE2B-463B-9B15-16BDB27697F5}.Debug|Any CPU.ActiveCfg = Debug|Any CPU
		{0EDD55C2-FE2B-463B-9B15-16BDB27697F5}.Debug|Any CPU.Build.0 = Debug|Any CPU
		{0EDD55C2-FE2B-463B-9B15-16BDB27697F5}.Release|Any CPU.ActiveCfg = Release|Any CPU
		{0EDD55C2-FE2B-463B-9B15-16BDB27697F5}.Release|Any CPU.Build.0 = Release|Any CPU
		{B7BCB5A4-9702-4C68-ADC0-3D97F54FEF54}.Debug|Any CPU.ActiveCfg = Debug|Any CPU
		{B7BCB5A4-9702-4C68-ADC0-3D97F54FEF54}.Debug|Any CPU.Build.0 = Debug|Any CPU
		{B7BCB5A4-9702-4C68-ADC0-3D97F54FEF54}.Debug|Any CPU.Deploy.0 = Debug|Any CPU
		{B7BCB5A4-9702-4C68-ADC0-3D97F54FEF54}.Release|Any CPU.ActiveCfg = Release|Any CPU
		{B7BCB5A4-9702-4C68-ADC0-3D97F54FEF54}.Release|Any CPU.Build.0 = Release|Any CPU
		{B7BCB5A4-9702-4C68-ADC0-3D97F54FEF54}.Release|Any CPU.Deploy.0 = Release|Any CPU
	EndGlobalSection
	GlobalSection(SolutionProperties) = preSolution
		HideSolutionNode = FALSE
	EndGlobalSection
	GlobalSection(ExtensibilityGlobals) = postSolution
		SolutionGuid = {951A2ED2-6257-4037-8230-B1B73E2F2FAF}
	EndGlobalSection
EndGlobal
